
Microsoft Visual Studio Solution File, Format Version 12.00
# Visual Studio 15
VisualStudioVersion = 15.0.28307.902
MinimumVisualStudioVersion = 10.0.40219.1
Project("{FAE04EC0-301F-11D3-BF4B-00C04F79EFBC}") = "CapaVista", "CapaVista\CapaVista.csproj", "{0FD84F73-839D-4CFA-9B01-68283A54C843}"
EndProject
Project("{FAE04EC0-301F-11D3-BF4B-00C04F79EFBC}") = "CapaControlador", "CapaControlador\CapaControlador.csproj", "{ACA9CF65-86FE-4F1A-8D81-633788DF2426}"
EndProject
Project("{FAE04EC0-301F-11D3-BF4B-00C04F79EFBC}") = "CapaModelo", "CapaModelo\CapaModelo.csproj", "{AD736A58-17F9-4382-B9B7-B90220109498}"
EndProject
Global
	GlobalSection(SolutionConfigurationPlatforms) = preSolution
		Debug|Any CPU = Debug|Any CPU
		Release|Any CPU = Release|Any CPU
	EndGlobalSection
	GlobalSection(ProjectConfigurationPlatforms) = postSolution
		{0FD84F73-839D-4CFA-9B01-68283A54C843}.Debug|Any CPU.ActiveCfg = Debug|Any CPU
		{0FD84F73-839D-4CFA-9B01-68283A54C843}.Debug|Any CPU.Build.0 = Debug|Any CPU
		{0FD84F73-839D-4CFA-9B01-68283A54C843}.Release|Any CPU.ActiveCfg = Release|Any CPU
		{0FD84F73-839D-4CFA-9B01-68283A54C843}.Release|Any CPU.Build.0 = Release|Any CPU
		{ACA9CF65-86FE-4F1A-8D81-633788DF2426}.Debug|Any CPU.ActiveCfg = Debug|Any CPU
		{ACA9CF65-86FE-4F1A-8D81-633788DF2426}.Debug|Any CPU.Build.0 = Debug|Any CPU
		{ACA9CF65-86FE-4F1A-8D81-633788DF2426}.Release|Any CPU.ActiveCfg = Release|Any CPU
		{ACA9CF65-86FE-4F1A-8D81-633788DF2426}.Release|Any CPU.Build.0 = Release|Any CPU
		{AD736A58-17F9-4382-B9B7-B90220109498}.Debug|Any CPU.ActiveCfg = Debug|Any CPU
		{AD736A58-17F9-4382-B9B7-B90220109498}.Debug|Any CPU.Build.0 = Debug|Any CPU
		{AD736A58-17F9-4382-B9B7-B90220109498}.Release|Any CPU.ActiveCfg = Release|Any CPU
		{AD736A58-17F9-4382-B9B7-B90220109498}.Release|Any CPU.Build.0 = Release|Any CPU
	EndGlobalSection
	GlobalSection(SolutionProperties) = preSolution
		HideSolutionNode = FALSE
	EndGlobalSection
	GlobalSection(ExtensibilityGlobals) = postSolution
		SolutionGuid = {CAA6A244-C726-4A8F-96F4-E1CA32314B3A}
	EndGlobalSection
EndGlobal
