
Microsoft Visual Studio Solution File, Format Version 12.00
# Visual Studio Version 16
VisualStudioVersion = 16.0.31515.178
MinimumVisualStudioVersion = 10.0.40219.1
Project("{FAE04EC0-301F-11D3-BF4B-00C04F79EFBC}") = "WindowsFormsApp1", "WindowsFormsApp1\WindowsFormsApp1.csproj", "{6B955F75-8937-4E27-94D6-076B993825F0}"
EndProject
Global
	GlobalSection(SolutionConfigurationPlatforms) = preSolution
		Debug|Any CPU = Debug|Any CPU
		Release|Any CPU = Release|Any CPU
	EndGlobalSection
	GlobalSection(ProjectConfigurationPlatforms) = postSolution
		{6B955F75-8937-4E27-94D6-076B993825F0}.Debug|Any CPU.ActiveCfg = Debug|Any CPU
		{6B955F75-8937-4E27-94D6-076B993825F0}.Debug|Any CPU.Build.0 = Debug|Any CPU
		{6B955F75-8937-4E27-94D6-076B993825F0}.Release|Any CPU.ActiveCfg = Release|Any CPU
		{6B955F75-8937-4E27-94D6-076B993825F0}.Release|Any CPU.Build.0 = Release|Any CPU
	EndGlobalSection
	GlobalSection(SolutionProperties) = preSolution
		HideSolutionNode = FALSE
	EndGlobalSection
	GlobalSection(ExtensibilityGlobals) = postSolution
		SolutionGuid = {B1113447-BA2A-4BB9-A948-529C61DDD917}
	EndGlobalSection
EndGlobal
